# This file is automatically @generated by Cargo.
# It is not intended for manual editing.
version = 4

[[package]]
name = "accept-all"
version = "0.1.0"
dependencies = [
 "hooks-lib",
]

[[package]]
name = "emit-txn"
version = "0.1.0"
dependencies = [
 "hooks-lib",
]

[[package]]
name = "firewall"
version = "0.1.0"
dependencies = [
 "hooks-lib",
]

[[package]]
name = "hooks-core"
version = "0.1.0"

[[package]]
name = "hooks-lib"
version = "0.0.0"
dependencies = [
 "hooks-core",
]

[[package]]
name = "state-counter"
version = "0.1.0"
dependencies = [
 "hooks-lib",
]
