# This file is automatically @generated by Cargo.
# It is not intended for manual editing.
version = 4

[[package]]
name = "accept-all"
version = "0.1.0"
dependencies = [
 "hooks-lib",
]

[[package]]
name = "account-id-macro"
version = "0.1.0"
dependencies = [
 "hooks-lib",
]

[[package]]
name = "emit-txn"
version = "0.1.0"
dependencies = [
 "hooks-lib",
]

[[package]]
name = "errors"
version = "0.1.0"
dependencies = [
 "hooks-lib",
]

[[package]]
name = "firewall"
version = "0.1.0"
dependencies = [
 "hooks-lib",
]

[[package]]
name = "govern"
version = "0.1.0"
dependencies = [
 "hooks-lib",
]

[[package]]
name = "guard-patterns"
version = "0.1.0"
dependencies = [
 "hooks-lib",
]

[[package]]
name = "hook-params"
version = "0.1.0"
dependencies = [
 "hooks-lib",
]

[[package]]
name = "hooks-core"
version = "0.1.0"

[[package]]
name = "hooks-lib"
version = "0.0.0"
dependencies = [
 "hooks-core",
 "hooks-macros",
]

[[package]]
name = "hooks-macros"
version = "0.0.0"

[[package]]
name = "reward"
version = "0.1.0"
dependencies = [
 "hooks-lib",
]

[[package]]
name = "slot-ledger"
version = "0.1.0"
dependencies = [
 "hooks-lib",
]

[[package]]
name = "state-counter"
version = "0.1.0"
dependencies = [
 "hooks-lib",
]

[[package]]
name = "state-foreign"
version = "0.1.0"
dependencies = [
 "hooks-lib",
]

[[package]]
name = "xfl-math"
version = "0.1.0"
dependencies = [
 "hooks-lib",
]
